
Microsoft Visual Studio Solution File, Format Version 12.00
# Visual Studio Version 16
VisualStudioVersion = 16.0.31729.503
MinimumVisualStudioVersion = 10.0.40219.1
Project("{9A19103F-16F7-4668-BE54-9A1E7A4F7556}") = "Task5_Nix", "Task5_Nix\Task5_Nix.csproj", "{384A6F1E-8E16-401F-8DDF-CBAB0F49F4D0}"
EndProject
Project("{9A19103F-16F7-4668-BE54-9A1E7A4F7556}") = "DAL", "DAL\DAL.csproj", "{291E3B38-7570-4157-A5F4-599FE4A169E7}"
EndProject
Project("{9A19103F-16F7-4668-BE54-9A1E7A4F7556}") = "BLL", "BLL\BLL.csproj", "{5AC020EF-B2C9-4AAD-ABDD-CD866F04F35F}"
EndProject
Project("{9A19103F-16F7-4668-BE54-9A1E7A4F7556}") = "AppControllerTests", "AppControllerTests\AppControllerTests.csproj", "{0C2C4D70-FD15-40AA-A565-0E66A45383D2}"
EndProject
Global
	GlobalSection(SolutionConfigurationPlatforms) = preSolution
		Debug|Any CPU = Debug|Any CPU
		Release|Any CPU = Release|Any CPU
	EndGlobalSection
	GlobalSection(ProjectConfigurationPlatforms) = postSolution
		{384A6F1E-8E16-401F-8DDF-CBAB0F49F4D0}.Debug|Any CPU.ActiveCfg = Debug|Any CPU
		{384A6F1E-8E16-401F-8DDF-CBAB0F49F4D0}.Debug|Any CPU.Build.0 = Debug|Any CPU
		{384A6F1E-8E16-401F-8DDF-CBAB0F49F4D0}.Release|Any CPU.ActiveCfg = Release|Any CPU
		{384A6F1E-8E16-401F-8DDF-CBAB0F49F4D0}.Release|Any CPU.Build.0 = Release|Any CPU
		{291E3B38-7570-4157-A5F4-599FE4A169E7}.Debug|Any CPU.ActiveCfg = Debug|Any CPU
		{291E3B38-7570-4157-A5F4-599FE4A169E7}.Debug|Any CPU.Build.0 = Debug|Any CPU
		{291E3B38-7570-4157-A5F4-599FE4A169E7}.Release|Any CPU.ActiveCfg = Release|Any CPU
		{291E3B38-7570-4157-A5F4-599FE4A169E7}.Release|Any CPU.Build.0 = Release|Any CPU
		{5AC020EF-B2C9-4AAD-ABDD-CD866F04F35F}.Debug|Any CPU.ActiveCfg = Debug|Any CPU
		{5AC020EF-B2C9-4AAD-ABDD-CD866F04F35F}.Debug|Any CPU.Build.0 = Debug|Any CPU
		{5AC020EF-B2C9-4AAD-ABDD-CD866F04F35F}.Release|Any CPU.ActiveCfg = Release|Any CPU
		{5AC020EF-B2C9-4AAD-ABDD-CD866F04F35F}.Release|Any CPU.Build.0 = Release|Any CPU
		{0C2C4D70-FD15-40AA-A565-0E66A45383D2}.Debug|Any CPU.ActiveCfg = Debug|Any CPU
		{0C2C4D70-FD15-40AA-A565-0E66A45383D2}.Debug|Any CPU.Build.0 = Debug|Any CPU
		{0C2C4D70-FD15-40AA-A565-0E66A45383D2}.Release|Any CPU.ActiveCfg = Release|Any CPU
		{0C2C4D70-FD15-40AA-A565-0E66A45383D2}.Release|Any CPU.Build.0 = Release|Any CPU
	EndGlobalSection
	GlobalSection(SolutionProperties) = preSolution
		HideSolutionNode = FALSE
	EndGlobalSection
	GlobalSection(ExtensibilityGlobals) = postSolution
		SolutionGuid = {E74AB98F-88FF-45E8-8782-94AADE772969}
	EndGlobalSection
EndGlobal
